// !$*UTF8*$!
{
   archiveVersion = "1";
   objectVersion = "46";
   objects = {
      "Cryptor::Cryptor" = {
         isa = "PBXNativeTarget";
         buildConfigurationList = "OBJ_62";
         buildPhases = (
            "OBJ_65",
            "OBJ_77"
         );
         dependencies = (
         );
         name = "Cryptor";
         productName = "Cryptor";
         productReference = "Cryptor::Cryptor::Product";
         productType = "com.apple.product-type.framework";
      };
      "Cryptor::Cryptor::Product" = {
         isa = "PBXFileReference";
         path = "Cryptor.framework";
         sourceTree = "BUILT_PRODUCTS_DIR";
      };
      "Cryptor::SwiftPMPackageDescription" = {
         isa = "PBXNativeTarget";
         buildConfigurationList = "OBJ_79";
         buildPhases = (
            "OBJ_82"
         );
         dependencies = (
         );
         name = "CryptorPackageDescription";
         productName = "CryptorPackageDescription";
         productType = "com.apple.product-type.framework";
      };
      "OBJ_1" = {
         isa = "PBXProject";
         attributes = {
            LastSwiftMigration = "9999";
            LastUpgradeCheck = "9999";
         };
         buildConfigurationList = "OBJ_2";
         compatibilityVersion = "Xcode 3.2";
         developmentRegion = "en";
         hasScannedForEncodings = "0";
         knownRegions = (
            "en"
         );
         mainGroup = "OBJ_5";
         productRefGroup = "OBJ_52";
         projectDirPath = ".";
         targets = (
            "Cryptor::Cryptor",
            "Cryptor::SwiftPMPackageDescription",
            "SwiftAWSS3::SwiftAWSS3",
            "SwiftAWSS3::SwiftPMPackageDescription",
            "SwiftAWSS3::SwiftAWSS3PackageTests::ProductTarget",
            "SwiftAWSS3::SwiftAWSS3Tests",
            "SwiftAWSSignatureV4::SwiftAWSSignatureV4",
            "SwiftAWSSignatureV4::SwiftPMPackageDescription",
            "SwiftPatterns::SwiftPatterns",
            "SwiftPatterns::SwiftPMPackageDescription"
         );
      };
      "OBJ_10" = {
         isa = "PBXFileReference";
         path = "ListBucketResult.swift";
         sourceTree = "<group>";
      };
      "OBJ_101" = {
         isa = "PBXTargetDependency";
         target = "Cryptor::Cryptor";
      };
      "OBJ_103" = {
         isa = "XCConfigurationList";
         buildConfigurations = (
            "OBJ_104",
            "OBJ_105"
         );
         defaultConfigurationIsVisible = "0";
         defaultConfigurationName = "Release";
      };
      "OBJ_104" = {
         isa = "XCBuildConfiguration";
         buildSettings = {
            LD = "/usr/bin/true";
            OTHER_SWIFT_FLAGS = (
               "-swift-version",
               "5",
               "-I",
               "$(TOOLCHAIN_DIR)/usr/lib/swift/pm/4_2",
               "-target",
               "x86_64-apple-macosx10.10",
               "-sdk",
               "/Applications/Xcode_11_3.app/Contents/Developer/Platforms/MacOSX.platform/Developer/SDKs/MacOSX10.15.sdk",
               "-package-description-version",
               "5"
            );
            SWIFT_VERSION = "5.0";
         };
         name = "Debug";
      };
      "OBJ_105" = {
         isa = "XCBuildConfiguration";
         buildSettings = {
            LD = "/usr/bin/true";
            OTHER_SWIFT_FLAGS = (
               "-swift-version",
               "5",
               "-I",
               "$(TOOLCHAIN_DIR)/usr/lib/swift/pm/4_2",
               "-target",
               "x86_64-apple-macosx10.10",
               "-sdk",
               "/Applications/Xcode_11_3.app/Contents/Developer/Platforms/MacOSX.platform/Developer/SDKs/MacOSX10.15.sdk",
               "-package-description-version",
               "5"
            );
            SWIFT_VERSION = "5.0";
         };
         name = "Release";
      };
      "OBJ_106" = {
         isa = "PBXSourcesBuildPhase";
         files = (
            "OBJ_107"
         );
      };
      "OBJ_107" = {
         isa = "PBXBuildFile";
         fileRef = "OBJ_6";
      };
      "OBJ_109" = {
         isa = "XCConfigurationList";
         buildConfigurations = (
            "OBJ_110",
            "OBJ_111"
         );
         defaultConfigurationIsVisible = "0";
         defaultConfigurationName = "Release";
      };
      "OBJ_11" = {
         isa = "PBXFileReference";
         path = "S3PutComponents.swift";
         sourceTree = "<group>";
      };
      "OBJ_110" = {
         isa = "XCBuildConfiguration";
         buildSettings = {
         };
         name = "Debug";
      };
      "OBJ_111" = {
         isa = "XCBuildConfiguration";
         buildSettings = {
         };
         name = "Release";
      };
      "OBJ_112" = {
         isa = "PBXTargetDependency";
         target = "SwiftAWSS3::SwiftAWSS3Tests";
      };
      "OBJ_114" = {
         isa = "XCConfigurationList";
         buildConfigurations = (
            "OBJ_115",
            "OBJ_116"
         );
         defaultConfigurationIsVisible = "0";
         defaultConfigurationName = "Release";
      };
      "OBJ_115" = {
         isa = "XCBuildConfiguration";
         buildSettings = {
            CLANG_ENABLE_MODULES = "YES";
            EMBEDDED_CONTENT_CONTAINS_SWIFT = "YES";
            FRAMEWORK_SEARCH_PATHS = (
               "$(inherited)",
               "$(PLATFORM_DIR)/Developer/Library/Frameworks"
            );
            HEADER_SEARCH_PATHS = (
               "$(inherited)"
            );
            INFOPLIST_FILE = "SwiftAWSS3.xcodeproj/SwiftAWSS3Tests_Info.plist";
            IPHONEOS_DEPLOYMENT_TARGET = "8.0";
            LD_RUNPATH_SEARCH_PATHS = (
               "$(inherited)",
               "@loader_path/../Frameworks",
               "@loader_path/Frameworks"
            );
            MACOSX_DEPLOYMENT_TARGET = "10.11";
            OTHER_CFLAGS = (
               "$(inherited)"
            );
            OTHER_LDFLAGS = (
               "$(inherited)"
            );
            OTHER_SWIFT_FLAGS = (
               "$(inherited)"
            );
            SWIFT_ACTIVE_COMPILATION_CONDITIONS = (
               "$(inherited)"
            );
            SWIFT_VERSION = "5.0";
            TARGET_NAME = "SwiftAWSS3Tests";
            TVOS_DEPLOYMENT_TARGET = "9.0";
            WATCHOS_DEPLOYMENT_TARGET = "2.0";
         };
         name = "Debug";
      };
      "OBJ_116" = {
         isa = "XCBuildConfiguration";
         buildSettings = {
            CLANG_ENABLE_MODULES = "YES";
            EMBEDDED_CONTENT_CONTAINS_SWIFT = "YES";
            FRAMEWORK_SEARCH_PATHS = (
               "$(inherited)",
               "$(PLATFORM_DIR)/Developer/Library/Frameworks"
            );
            HEADER_SEARCH_PATHS = (
               "$(inherited)"
            );
            INFOPLIST_FILE = "SwiftAWSS3.xcodeproj/SwiftAWSS3Tests_Info.plist";
            IPHONEOS_DEPLOYMENT_TARGET = "8.0";
            LD_RUNPATH_SEARCH_PATHS = (
               "$(inherited)",
               "@loader_path/../Frameworks",
               "@loader_path/Frameworks"
            );
            MACOSX_DEPLOYMENT_TARGET = "10.11";
            OTHER_CFLAGS = (
               "$(inherited)"
            );
            OTHER_LDFLAGS = (
               "$(inherited)"
            );
            OTHER_SWIFT_FLAGS = (
               "$(inherited)"
            );
            SWIFT_ACTIVE_COMPILATION_CONDITIONS = (
               "$(inherited)"
            );
            SWIFT_VERSION = "5.0";
            TARGET_NAME = "SwiftAWSS3Tests";
            TVOS_DEPLOYMENT_TARGET = "9.0";
            WATCHOS_DEPLOYMENT_TARGET = "2.0";
         };
         name = "Release";
      };
      "OBJ_117" = {
         isa = "PBXSourcesBuildPhase";
         files = (
            "OBJ_118"
         );
      };
      "OBJ_118" = {
         isa = "PBXBuildFile";
         fileRef = "OBJ_15";
      };
      "OBJ_119" = {
         isa = "PBXFrameworksBuildPhase";
         files = (
            "OBJ_120",
            "OBJ_121",
            "OBJ_122",
            "OBJ_123"
         );
      };
      "OBJ_12" = {
         isa = "PBXFileReference";
         path = "ServerSideEncryption.swift";
         sourceTree = "<group>";
      };
      "OBJ_120" = {
         isa = "PBXBuildFile";
         fileRef = "SwiftAWSS3::SwiftAWSS3::Product";
      };
      "OBJ_121" = {
         isa = "PBXBuildFile";
         fileRef = "SwiftPatterns::SwiftPatterns::Product";
      };
      "OBJ_122" = {
         isa = "PBXBuildFile";
         fileRef = "SwiftAWSSignatureV4::SwiftAWSSignatureV4::Product";
      };
      "OBJ_123" = {
         isa = "PBXBuildFile";
         fileRef = "Cryptor::Cryptor::Product";
      };
      "OBJ_124" = {
         isa = "PBXTargetDependency";
         target = "SwiftAWSS3::SwiftAWSS3";
      };
      "OBJ_125" = {
         isa = "PBXTargetDependency";
         target = "SwiftPatterns::SwiftPatterns";
      };
      "OBJ_126" = {
         isa = "PBXTargetDependency";
         target = "SwiftAWSSignatureV4::SwiftAWSSignatureV4";
      };
      "OBJ_127" = {
         isa = "PBXTargetDependency";
         target = "Cryptor::Cryptor";
      };
      "OBJ_128" = {
         isa = "XCConfigurationList";
         buildConfigurations = (
            "OBJ_129",
            "OBJ_130"
         );
         defaultConfigurationIsVisible = "0";
         defaultConfigurationName = "Release";
      };
      "OBJ_129" = {
         isa = "XCBuildConfiguration";
         buildSettings = {
            ENABLE_TESTABILITY = "YES";
            FRAMEWORK_SEARCH_PATHS = (
               "$(inherited)",
               "$(PLATFORM_DIR)/Developer/Library/Frameworks"
            );
            HEADER_SEARCH_PATHS = (
               "$(inherited)"
            );
            INFOPLIST_FILE = "SwiftAWSS3.xcodeproj/SwiftAWSSignatureV4_Info.plist";
            IPHONEOS_DEPLOYMENT_TARGET = "8.0";
            LD_RUNPATH_SEARCH_PATHS = (
               "$(inherited)",
               "$(TOOLCHAIN_DIR)/usr/lib/swift/macosx"
            );
            MACOSX_DEPLOYMENT_TARGET = "10.11";
            OTHER_CFLAGS = (
               "$(inherited)"
            );
            OTHER_LDFLAGS = (
               "$(inherited)"
            );
            OTHER_SWIFT_FLAGS = (
               "$(inherited)"
            );
            PRODUCT_BUNDLE_IDENTIFIER = "SwiftAWSSignatureV4";
            PRODUCT_MODULE_NAME = "$(TARGET_NAME:c99extidentifier)";
            PRODUCT_NAME = "$(TARGET_NAME:c99extidentifier)";
            SKIP_INSTALL = "YES";
            SWIFT_ACTIVE_COMPILATION_CONDITIONS = (
               "$(inherited)"
            );
            SWIFT_VERSION = "5.0";
            TARGET_NAME = "SwiftAWSSignatureV4";
            TVOS_DEPLOYMENT_TARGET = "9.0";
            WATCHOS_DEPLOYMENT_TARGET = "2.0";
         };
         name = "Debug";
      };
      "OBJ_13" = {
         isa = "PBXGroup";
         children = (
            "OBJ_14"
         );
         name = "Tests";
         path = "";
         sourceTree = "SOURCE_ROOT";
      };
      "OBJ_130" = {
         isa = "XCBuildConfiguration";
         buildSettings = {
            ENABLE_TESTABILITY = "YES";
            FRAMEWORK_SEARCH_PATHS = (
               "$(inherited)",
               "$(PLATFORM_DIR)/Developer/Library/Frameworks"
            );
            HEADER_SEARCH_PATHS = (
               "$(inherited)"
            );
            INFOPLIST_FILE = "SwiftAWSS3.xcodeproj/SwiftAWSSignatureV4_Info.plist";
            IPHONEOS_DEPLOYMENT_TARGET = "8.0";
            LD_RUNPATH_SEARCH_PATHS = (
               "$(inherited)",
               "$(TOOLCHAIN_DIR)/usr/lib/swift/macosx"
            );
            MACOSX_DEPLOYMENT_TARGET = "10.11";
            OTHER_CFLAGS = (
               "$(inherited)"
            );
            OTHER_LDFLAGS = (
               "$(inherited)"
            );
            OTHER_SWIFT_FLAGS = (
               "$(inherited)"
            );
            PRODUCT_BUNDLE_IDENTIFIER = "SwiftAWSSignatureV4";
            PRODUCT_MODULE_NAME = "$(TARGET_NAME:c99extidentifier)";
            PRODUCT_NAME = "$(TARGET_NAME:c99extidentifier)";
            SKIP_INSTALL = "YES";
            SWIFT_ACTIVE_COMPILATION_CONDITIONS = (
               "$(inherited)"
            );
            SWIFT_VERSION = "5.0";
            TARGET_NAME = "SwiftAWSSignatureV4";
            TVOS_DEPLOYMENT_TARGET = "9.0";
            WATCHOS_DEPLOYMENT_TARGET = "2.0";
         };
         name = "Release";
      };
      "OBJ_131" = {
         isa = "PBXSourcesBuildPhase";
         files = (
            "OBJ_132",
            "OBJ_133",
            "OBJ_134",
            "OBJ_135"
         );
      };
      "OBJ_132" = {
         isa = "PBXBuildFile";
         fileRef = "OBJ_33";
      };
      "OBJ_133" = {
         isa = "PBXBuildFile";
         fileRef = "OBJ_34";
      };
      "OBJ_134" = {
         isa = "PBXBuildFile";
         fileRef = "OBJ_35";
      };
      "OBJ_135" = {
         isa = "PBXBuildFile";
         fileRef = "OBJ_36";
      };
      "OBJ_136" = {
         isa = "PBXFrameworksBuildPhase";
         files = (
            "OBJ_137"
         );
      };
      "OBJ_137" = {
         isa = "PBXBuildFile";
         fileRef = "Cryptor::Cryptor::Product";
      };
      "OBJ_138" = {
         isa = "PBXTargetDependency";
         target = "Cryptor::Cryptor";
      };
      "OBJ_14" = {
         isa = "PBXGroup";
         children = (
            "OBJ_15"
         );
         name = "SwiftAWSS3Tests";
         path = "Tests/SwiftAWSS3Tests";
         sourceTree = "SOURCE_ROOT";
      };
      "OBJ_140" = {
         isa = "XCConfigurationList";
         buildConfigurations = (
            "OBJ_141",
            "OBJ_142"
         );
         defaultConfigurationIsVisible = "0";
         defaultConfigurationName = "Release";
      };
      "OBJ_141" = {
         isa = "XCBuildConfiguration";
         buildSettings = {
            LD = "/usr/bin/true";
            OTHER_SWIFT_FLAGS = (
               "-swift-version",
               "5",
               "-I",
               "$(TOOLCHAIN_DIR)/usr/lib/swift/pm/4_2",
               "-target",
               "x86_64-apple-macosx10.10",
               "-sdk",
               "/Applications/Xcode_11_3.app/Contents/Developer/Platforms/MacOSX.platform/Developer/SDKs/MacOSX10.15.sdk",
               "-package-description-version",
               "5"
            );
            SWIFT_VERSION = "5.0";
         };
         name = "Debug";
      };
      "OBJ_142" = {
         isa = "XCBuildConfiguration";
         buildSettings = {
            LD = "/usr/bin/true";
            OTHER_SWIFT_FLAGS = (
               "-swift-version",
               "5",
               "-I",
               "$(TOOLCHAIN_DIR)/usr/lib/swift/pm/4_2",
               "-target",
               "x86_64-apple-macosx10.10",
               "-sdk",
               "/Applications/Xcode_11_3.app/Contents/Developer/Platforms/MacOSX.platform/Developer/SDKs/MacOSX10.15.sdk",
               "-package-description-version",
               "5"
            );
            SWIFT_VERSION = "5.0";
         };
         name = "Release";
      };
      "OBJ_143" = {
         isa = "PBXSourcesBuildPhase";
         files = (
            "OBJ_144"
         );
      };
      "OBJ_144" = {
         isa = "PBXBuildFile";
         fileRef = "OBJ_37";
      };
      "OBJ_145" = {
         isa = "XCConfigurationList";
         buildConfigurations = (
            "OBJ_146",
            "OBJ_147"
         );
         defaultConfigurationIsVisible = "0";
         defaultConfigurationName = "Release";
      };
      "OBJ_146" = {
         isa = "XCBuildConfiguration";
         buildSettings = {
            ENABLE_TESTABILITY = "YES";
            FRAMEWORK_SEARCH_PATHS = (
               "$(inherited)",
               "$(PLATFORM_DIR)/Developer/Library/Frameworks"
            );
            HEADER_SEARCH_PATHS = (
               "$(inherited)"
            );
            INFOPLIST_FILE = "SwiftAWSS3.xcodeproj/SwiftPatterns_Info.plist";
            IPHONEOS_DEPLOYMENT_TARGET = "8.0";
            LD_RUNPATH_SEARCH_PATHS = (
               "$(inherited)",
               "$(TOOLCHAIN_DIR)/usr/lib/swift/macosx"
            );
            MACOSX_DEPLOYMENT_TARGET = "10.10";
            OTHER_CFLAGS = (
               "$(inherited)"
            );
            OTHER_LDFLAGS = (
               "$(inherited)"
            );
            OTHER_SWIFT_FLAGS = (
               "$(inherited)"
            );
            PRODUCT_BUNDLE_IDENTIFIER = "SwiftPatterns";
            PRODUCT_MODULE_NAME = "$(TARGET_NAME:c99extidentifier)";
            PRODUCT_NAME = "$(TARGET_NAME:c99extidentifier)";
            SKIP_INSTALL = "YES";
            SWIFT_ACTIVE_COMPILATION_CONDITIONS = (
               "$(inherited)"
            );
            SWIFT_VERSION = "5.0";
            TARGET_NAME = "SwiftPatterns";
            TVOS_DEPLOYMENT_TARGET = "9.0";
            WATCHOS_DEPLOYMENT_TARGET = "2.0";
         };
         name = "Debug";
      };
      "OBJ_147" = {
         isa = "XCBuildConfiguration";
         buildSettings = {
            ENABLE_TESTABILITY = "YES";
            FRAMEWORK_SEARCH_PATHS = (
               "$(inherited)",
               "$(PLATFORM_DIR)/Developer/Library/Frameworks"
            );
            HEADER_SEARCH_PATHS = (
               "$(inherited)"
            );
            INFOPLIST_FILE = "SwiftAWSS3.xcodeproj/SwiftPatterns_Info.plist";
            IPHONEOS_DEPLOYMENT_TARGET = "8.0";
            LD_RUNPATH_SEARCH_PATHS = (
               "$(inherited)",
               "$(TOOLCHAIN_DIR)/usr/lib/swift/macosx"
            );
            MACOSX_DEPLOYMENT_TARGET = "10.10";
            OTHER_CFLAGS = (
               "$(inherited)"
            );
            OTHER_LDFLAGS = (
               "$(inherited)"
            );
            OTHER_SWIFT_FLAGS = (
               "$(inherited)"
            );
            PRODUCT_BUNDLE_IDENTIFIER = "SwiftPatterns";
            PRODUCT_MODULE_NAME = "$(TARGET_NAME:c99extidentifier)";
            PRODUCT_NAME = "$(TARGET_NAME:c99extidentifier)";
            SKIP_INSTALL = "YES";
            SWIFT_ACTIVE_COMPILATION_CONDITIONS = (
               "$(inherited)"
            );
            SWIFT_VERSION = "5.0";
            TARGET_NAME = "SwiftPatterns";
            TVOS_DEPLOYMENT_TARGET = "9.0";
            WATCHOS_DEPLOYMENT_TARGET = "2.0";
         };
         name = "Release";
      };
      "OBJ_148" = {
         isa = "PBXSourcesBuildPhase";
         files = (
            "OBJ_149",
            "OBJ_150",
            "OBJ_151",
            "OBJ_152",
            "OBJ_153",
            "OBJ_154",
            "OBJ_155",
            "OBJ_156",
            "OBJ_157",
            "OBJ_158",
            "OBJ_159"
         );
      };
      "OBJ_149" = {
         isa = "PBXBuildFile";
         fileRef = "OBJ_19";
      };
      "OBJ_15" = {
         isa = "PBXFileReference";
         path = "GETTests.swift";
         sourceTree = "<group>";
      };
      "OBJ_150" = {
         isa = "PBXBuildFile";
         fileRef = "OBJ_20";
      };
      "OBJ_151" = {
         isa = "PBXBuildFile";
         fileRef = "OBJ_21";
      };
      "OBJ_152" = {
         isa = "PBXBuildFile";
         fileRef = "OBJ_22";
      };
      "OBJ_153" = {
         isa = "PBXBuildFile";
         fileRef = "OBJ_23";
      };
      "OBJ_154" = {
         isa = "PBXBuildFile";
         fileRef = "OBJ_24";
      };
      "OBJ_155" = {
         isa = "PBXBuildFile";
         fileRef = "OBJ_25";
      };
      "OBJ_156" = {
         isa = "PBXBuildFile";
         fileRef = "OBJ_26";
      };
      "OBJ_157" = {
         isa = "PBXBuildFile";
         fileRef = "OBJ_27";
      };
      "OBJ_158" = {
         isa = "PBXBuildFile";
         fileRef = "OBJ_28";
      };
      "OBJ_159" = {
         isa = "PBXBuildFile";
         fileRef = "OBJ_29";
      };
      "OBJ_16" = {
         isa = "PBXGroup";
         children = (
            "OBJ_17",
            "OBJ_31",
            "OBJ_38"
         );
         name = "Dependencies";
         path = "";
         sourceTree = "<group>";
      };
      "OBJ_160" = {
         isa = "PBXFrameworksBuildPhase";
         files = (
         );
      };
      "OBJ_162" = {
         isa = "XCConfigurationList";
         buildConfigurations = (
            "OBJ_163",
            "OBJ_164"
         );
         defaultConfigurationIsVisible = "0";
         defaultConfigurationName = "Release";
      };
      "OBJ_163" = {
         isa = "XCBuildConfiguration";
         buildSettings = {
            LD = "/usr/bin/true";
            OTHER_SWIFT_FLAGS = (
               "-swift-version",
               "5",
               "-I",
               "$(TOOLCHAIN_DIR)/usr/lib/swift/pm/4_2",
               "-target",
               "x86_64-apple-macosx10.10",
               "-sdk",
               "/Applications/Xcode_11_3.app/Contents/Developer/Platforms/MacOSX.platform/Developer/SDKs/MacOSX10.15.sdk",
               "-package-description-version",
               "5"
            );
            SWIFT_VERSION = "5.0";
         };
         name = "Debug";
      };
      "OBJ_164" = {
         isa = "XCBuildConfiguration";
         buildSettings = {
            LD = "/usr/bin/true";
            OTHER_SWIFT_FLAGS = (
               "-swift-version",
               "5",
               "-I",
               "$(TOOLCHAIN_DIR)/usr/lib/swift/pm/4_2",
               "-target",
               "x86_64-apple-macosx10.10",
               "-sdk",
               "/Applications/Xcode_11_3.app/Contents/Developer/Platforms/MacOSX.platform/Developer/SDKs/MacOSX10.15.sdk",
               "-package-description-version",
               "5"
            );
            SWIFT_VERSION = "5.0";
         };
         name = "Release";
      };
      "OBJ_165" = {
         isa = "PBXSourcesBuildPhase";
         files = (
            "OBJ_166"
         );
      };
      "OBJ_166" = {
         isa = "PBXBuildFile";
         fileRef = "OBJ_30";
      };
      "OBJ_17" = {
         isa = "PBXGroup";
         children = (
            "OBJ_18",
            "OBJ_30"
         );
         name = "SwiftPatterns 3.0.0";
         path = "";
         sourceTree = "SOURCE_ROOT";
      };
      "OBJ_18" = {
         isa = "PBXGroup";
         children = (
            "OBJ_19",
            "OBJ_20",
            "OBJ_21",
            "OBJ_22",
            "OBJ_23",
            "OBJ_24",
            "OBJ_25",
            "OBJ_26",
            "OBJ_27",
            "OBJ_28",
            "OBJ_29"
         );
         name = "SwiftPatterns";
         path = ".build/checkouts/SwiftPatterns/Sources/SwiftPatterns";
         sourceTree = "SOURCE_ROOT";
      };
      "OBJ_19" = {
         isa = "PBXFileReference";
         path = "Alert.swift";
         sourceTree = "<group>";
      };
      "OBJ_2" = {
         isa = "XCConfigurationList";
         buildConfigurations = (
            "OBJ_3",
            "OBJ_4"
         );
         defaultConfigurationIsVisible = "0";
         defaultConfigurationName = "Release";
      };
      "OBJ_20" = {
         isa = "PBXFileReference";
         path = "ChangeSet.swift";
         sourceTree = "<group>";
      };
      "OBJ_21" = {
         isa = "PBXFileReference";
         path = "DataExtraction.swift";
         sourceTree = "<group>";
      };
      "OBJ_22" = {
         isa = "PBXFileReference";
         path = "DirectoryMonitor.swift";
         sourceTree = "<group>";
      };
      "OBJ_23" = {
         isa = "PBXFileReference";
         path = "LogSearch.swift";
         sourceTree = "<group>";
      };
      "OBJ_24" = {
         isa = "PBXFileReference";
         path = "Math.swift";
         sourceTree = "<group>";
      };
      "OBJ_25" = {
         isa = "PBXFileReference";
         path = "MediatedAccess.swift";
         sourceTree = "<group>";
      };
      "OBJ_26" = {
         isa = "PBXFileReference";
         path = "QueuedVar.swift";
         sourceTree = "<group>";
      };
      "OBJ_27" = {
         isa = "PBXFileReference";
         path = "SerializedResourceWrapping.swift";
         sourceTree = "<group>";
      };
      "OBJ_28" = {
         isa = "PBXFileReference";
         path = "URL+ExtendedAttributes.swift";
         sourceTree = "<group>";
      };
      "OBJ_29" = {
         isa = "PBXFileReference";
         path = "XMLItem.swift";
         sourceTree = "<group>";
      };
      "OBJ_3" = {
         isa = "XCBuildConfiguration";
         buildSettings = {
            CLANG_ENABLE_OBJC_ARC = "YES";
            COMBINE_HIDPI_IMAGES = "YES";
            COPY_PHASE_STRIP = "NO";
            DEBUG_INFORMATION_FORMAT = "dwarf";
            DYLIB_INSTALL_NAME_BASE = "@rpath";
            ENABLE_NS_ASSERTIONS = "YES";
            GCC_OPTIMIZATION_LEVEL = "0";
            GCC_PREPROCESSOR_DEFINITIONS = (
               "$(inherited)",
               "SWIFT_PACKAGE=1",
               "DEBUG=1"
            );
            MACOSX_DEPLOYMENT_TARGET = "10.10";
            ONLY_ACTIVE_ARCH = "YES";
            OTHER_SWIFT_FLAGS = (
               "$(inherited)",
               "-DXcode"
            );
            PRODUCT_NAME = "$(TARGET_NAME)";
            SDKROOT = "macosx";
            SUPPORTED_PLATFORMS = (
               "macosx",
               "iphoneos",
               "iphonesimulator",
               "appletvos",
               "appletvsimulator",
               "watchos",
               "watchsimulator"
            );
            SWIFT_ACTIVE_COMPILATION_CONDITIONS = (
               "$(inherited)",
               "SWIFT_PACKAGE",
               "DEBUG"
            );
            SWIFT_OPTIMIZATION_LEVEL = "-Onone";
            USE_HEADERMAP = "NO";
         };
         name = "Debug";
      };
      "OBJ_30" = {
         isa = "PBXFileReference";
         explicitFileType = "sourcecode.swift";
         name = "Package.swift";
         path = "/Users/ben/Documents/GitHub/SwiftAWSS3/.build/checkouts/SwiftPatterns/Package.swift";
         sourceTree = "<group>";
      };
      "OBJ_31" = {
         isa = "PBXGroup";
         children = (
            "OBJ_32",
            "OBJ_37"
         );
         name = "SwiftAWSSignatureV4 2.0.0";
         path = "";
         sourceTree = "SOURCE_ROOT";
      };
      "OBJ_32" = {
         isa = "PBXGroup";
         children = (
            "OBJ_33",
            "OBJ_34",
            "OBJ_35",
            "OBJ_36"
         );
         name = "SwiftAWSSignatureV4";
         path = ".build/checkouts/SwiftAWSSignatureV4/Sources/SwiftAWSSignatureV4";
         sourceTree = "SOURCE_ROOT";
      };
      "OBJ_33" = {
         isa = "PBXFileReference";
         path = "AWSAccount.swift";
         sourceTree = "<group>";
      };
      "OBJ_34" = {
         isa = "PBXFileReference";
         path = "Chunking.swift";
         sourceTree = "<group>";
      };
      "OBJ_35" = {
         isa = "PBXFileReference";
         path = "String+Extensions.swift";
         sourceTree = "<group>";
      };
      "OBJ_36" = {
         isa = "PBXFileReference";
         path = "URLRequest+AWSAccountSigning.swift";
         sourceTree = "<group>";
      };
      "OBJ_37" = {
         isa = "PBXFileReference";
         explicitFileType = "sourcecode.swift";
         name = "Package.swift";
         path = "/Users/ben/Documents/GitHub/SwiftAWSS3/.build/checkouts/SwiftAWSSignatureV4/Package.swift";
         sourceTree = "<group>";
      };
      "OBJ_38" = {
         isa = "PBXGroup";
         children = (
            "OBJ_39",
            "OBJ_51"
         );
         name = "Cryptor 1.0.32";
         path = "";
         sourceTree = "SOURCE_ROOT";
      };
      "OBJ_39" = {
         isa = "PBXGroup";
         children = (
            "OBJ_40",
            "OBJ_41",
            "OBJ_42",
            "OBJ_43",
            "OBJ_44",
            "OBJ_45",
            "OBJ_46",
            "OBJ_47",
            "OBJ_48",
            "OBJ_49",
            "OBJ_50"
         );
         name = "Cryptor";
         path = ".build/checkouts/BlueCryptor/Sources/Cryptor";
         sourceTree = "SOURCE_ROOT";
      };
      "OBJ_4" = {
         isa = "XCBuildConfiguration";
         buildSettings = {
            CLANG_ENABLE_OBJC_ARC = "YES";
            COMBINE_HIDPI_IMAGES = "YES";
            COPY_PHASE_STRIP = "YES";
            DEBUG_INFORMATION_FORMAT = "dwarf-with-dsym";
            DYLIB_INSTALL_NAME_BASE = "@rpath";
            GCC_OPTIMIZATION_LEVEL = "s";
            GCC_PREPROCESSOR_DEFINITIONS = (
               "$(inherited)",
               "SWIFT_PACKAGE=1"
            );
            MACOSX_DEPLOYMENT_TARGET = "10.10";
            OTHER_SWIFT_FLAGS = (
               "$(inherited)",
               "-DXcode"
            );
            PRODUCT_NAME = "$(TARGET_NAME)";
            SDKROOT = "macosx";
            SUPPORTED_PLATFORMS = (
               "macosx",
               "iphoneos",
               "iphonesimulator",
               "appletvos",
               "appletvsimulator",
               "watchos",
               "watchsimulator"
            );
            SWIFT_ACTIVE_COMPILATION_CONDITIONS = (
               "$(inherited)",
               "SWIFT_PACKAGE"
            );
            SWIFT_OPTIMIZATION_LEVEL = "-Owholemodule";
            USE_HEADERMAP = "NO";
         };
         name = "Release";
      };
      "OBJ_40" = {
         isa = "PBXFileReference";
         path = "Crypto.swift";
         sourceTree = "<group>";
      };
      "OBJ_41" = {
         isa = "PBXFileReference";
         path = "Cryptor.swift";
         sourceTree = "<group>";
      };
      "OBJ_42" = {
         isa = "PBXFileReference";
         path = "Digest.swift";
         sourceTree = "<group>";
      };
      "OBJ_43" = {
         isa = "PBXFileReference";
         path = "HMAC.swift";
         sourceTree = "<group>";
      };
      "OBJ_44" = {
         isa = "PBXFileReference";
         path = "KeyDerivation.swift";
         sourceTree = "<group>";
      };
      "OBJ_45" = {
         isa = "PBXFileReference";
         path = "Random.swift";
         sourceTree = "<group>";
      };
      "OBJ_46" = {
         isa = "PBXFileReference";
         path = "SSLPointerTricks.swift";
         sourceTree = "<group>";
      };
      "OBJ_47" = {
         isa = "PBXFileReference";
         path = "Status.swift";
         sourceTree = "<group>";
      };
      "OBJ_48" = {
         isa = "PBXFileReference";
         path = "StreamCryptor.swift";
         sourceTree = "<group>";
      };
      "OBJ_49" = {
         isa = "PBXFileReference";
         path = "Updatable.swift";
         sourceTree = "<group>";
      };
      "OBJ_5" = {
         isa = "PBXGroup";
         children = (
            "OBJ_6",
            "OBJ_7",
            "OBJ_13",
            "OBJ_16",
            "OBJ_52",
            "OBJ_58",
            "OBJ_59",
            "OBJ_60"
         );
         path = "";
         sourceTree = "<group>";
      };
      "OBJ_50" = {
         isa = "PBXFileReference";
         path = "Utilities.swift";
         sourceTree = "<group>";
      };
      "OBJ_51" = {
         isa = "PBXFileReference";
         explicitFileType = "sourcecode.swift";
         name = "Package.swift";
         path = "/Users/ben/Documents/GitHub/SwiftAWSS3/.build/checkouts/BlueCryptor/Package.swift";
         sourceTree = "<group>";
      };
      "OBJ_52" = {
         isa = "PBXGroup";
         children = (
            "SwiftPatterns::SwiftPatterns::Product",
            "SwiftAWSSignatureV4::SwiftAWSSignatureV4::Product",
            "SwiftAWSS3::SwiftAWSS3::Product",
            "Cryptor::Cryptor::Product",
            "SwiftAWSS3::SwiftAWSS3Tests::Product"
         );
         name = "Products";
         path = "";
         sourceTree = "BUILT_PRODUCTS_DIR";
      };
      "OBJ_58" = {
         isa = "PBXFileReference";
         path = "DerivedData";
         sourceTree = "SOURCE_ROOT";
      };
      "OBJ_59" = {
         isa = "PBXFileReference";
         path = "Package.pins";
         sourceTree = "<group>";
      };
      "OBJ_6" = {
         isa = "PBXFileReference";
         explicitFileType = "sourcecode.swift";
         path = "Package.swift";
         sourceTree = "<group>";
      };
      "OBJ_60" = {
         isa = "PBXFileReference";
         path = "README.md";
         sourceTree = "<group>";
      };
      "OBJ_62" = {
         isa = "XCConfigurationList";
         buildConfigurations = (
            "OBJ_63",
            "OBJ_64"
         );
         defaultConfigurationIsVisible = "0";
         defaultConfigurationName = "Release";
      };
      "OBJ_63" = {
         isa = "XCBuildConfiguration";
         buildSettings = {
            ENABLE_TESTABILITY = "YES";
            FRAMEWORK_SEARCH_PATHS = (
               "$(inherited)",
               "$(PLATFORM_DIR)/Developer/Library/Frameworks"
            );
            HEADER_SEARCH_PATHS = (
               "$(inherited)"
            );
            INFOPLIST_FILE = "SwiftAWSS3.xcodeproj/Cryptor_Info.plist";
            IPHONEOS_DEPLOYMENT_TARGET = "8.0";
            LD_RUNPATH_SEARCH_PATHS = (
               "$(inherited)",
               "$(TOOLCHAIN_DIR)/usr/lib/swift/macosx"
            );
            MACOSX_DEPLOYMENT_TARGET = "10.10";
            OTHER_CFLAGS = (
               "$(inherited)"
            );
            OTHER_LDFLAGS = (
               "$(inherited)"
            );
            OTHER_SWIFT_FLAGS = (
               "$(inherited)"
            );
            PRODUCT_BUNDLE_IDENTIFIER = "Cryptor";
            PRODUCT_MODULE_NAME = "$(TARGET_NAME:c99extidentifier)";
            PRODUCT_NAME = "$(TARGET_NAME:c99extidentifier)";
            SKIP_INSTALL = "YES";
            SWIFT_ACTIVE_COMPILATION_CONDITIONS = (
               "$(inherited)"
            );
            SWIFT_VERSION = "5.0";
            TARGET_NAME = "Cryptor";
            TVOS_DEPLOYMENT_TARGET = "9.0";
            WATCHOS_DEPLOYMENT_TARGET = "2.0";
         };
         name = "Debug";
      };
      "OBJ_64" = {
         isa = "XCBuildConfiguration";
         buildSettings = {
            ENABLE_TESTABILITY = "YES";
            FRAMEWORK_SEARCH_PATHS = (
               "$(inherited)",
               "$(PLATFORM_DIR)/Developer/Library/Frameworks"
            );
            HEADER_SEARCH_PATHS = (
               "$(inherited)"
            );
            INFOPLIST_FILE = "SwiftAWSS3.xcodeproj/Cryptor_Info.plist";
            IPHONEOS_DEPLOYMENT_TARGET = "8.0";
            LD_RUNPATH_SEARCH_PATHS = (
               "$(inherited)",
               "$(TOOLCHAIN_DIR)/usr/lib/swift/macosx"
            );
            MACOSX_DEPLOYMENT_TARGET = "10.10";
            OTHER_CFLAGS = (
               "$(inherited)"
            );
            OTHER_LDFLAGS = (
               "$(inherited)"
            );
            OTHER_SWIFT_FLAGS = (
               "$(inherited)"
            );
            PRODUCT_BUNDLE_IDENTIFIER = "Cryptor";
            PRODUCT_MODULE_NAME = "$(TARGET_NAME:c99extidentifier)";
            PRODUCT_NAME = "$(TARGET_NAME:c99extidentifier)";
            SKIP_INSTALL = "YES";
            SWIFT_ACTIVE_COMPILATION_CONDITIONS = (
               "$(inherited)"
            );
            SWIFT_VERSION = "5.0";
            TARGET_NAME = "Cryptor";
            TVOS_DEPLOYMENT_TARGET = "9.0";
            WATCHOS_DEPLOYMENT_TARGET = "2.0";
         };
         name = "Release";
      };
      "OBJ_65" = {
         isa = "PBXSourcesBuildPhase";
         files = (
            "OBJ_66",
            "OBJ_67",
            "OBJ_68",
            "OBJ_69",
            "OBJ_70",
            "OBJ_71",
            "OBJ_72",
            "OBJ_73",
            "OBJ_74",
            "OBJ_75",
            "OBJ_76"
         );
      };
      "OBJ_66" = {
         isa = "PBXBuildFile";
         fileRef = "OBJ_40";
      };
      "OBJ_67" = {
         isa = "PBXBuildFile";
         fileRef = "OBJ_41";
      };
      "OBJ_68" = {
         isa = "PBXBuildFile";
         fileRef = "OBJ_42";
      };
      "OBJ_69" = {
         isa = "PBXBuildFile";
         fileRef = "OBJ_43";
      };
      "OBJ_7" = {
         isa = "PBXGroup";
         children = (
            "OBJ_8"
         );
         name = "Sources";
         path = "";
         sourceTree = "SOURCE_ROOT";
      };
      "OBJ_70" = {
         isa = "PBXBuildFile";
         fileRef = "OBJ_44";
      };
      "OBJ_71" = {
         isa = "PBXBuildFile";
         fileRef = "OBJ_45";
      };
      "OBJ_72" = {
         isa = "PBXBuildFile";
         fileRef = "OBJ_46";
      };
      "OBJ_73" = {
         isa = "PBXBuildFile";
         fileRef = "OBJ_47";
      };
      "OBJ_74" = {
         isa = "PBXBuildFile";
         fileRef = "OBJ_48";
      };
      "OBJ_75" = {
         isa = "PBXBuildFile";
         fileRef = "OBJ_49";
      };
      "OBJ_76" = {
         isa = "PBXBuildFile";
         fileRef = "OBJ_50";
      };
      "OBJ_77" = {
         isa = "PBXFrameworksBuildPhase";
         files = (
         );
      };
      "OBJ_79" = {
         isa = "XCConfigurationList";
         buildConfigurations = (
            "OBJ_80",
            "OBJ_81"
         );
         defaultConfigurationIsVisible = "0";
         defaultConfigurationName = "Release";
      };
      "OBJ_8" = {
         isa = "PBXGroup";
         children = (
            "OBJ_9",
            "OBJ_10",
            "OBJ_11",
            "OBJ_12"
         );
         name = "SwiftAWSS3";
         path = "Sources/SwiftAWSS3";
         sourceTree = "SOURCE_ROOT";
      };
      "OBJ_80" = {
         isa = "XCBuildConfiguration";
         buildSettings = {
            LD = "/usr/bin/true";
            OTHER_SWIFT_FLAGS = (
               "-swift-version",
               "5",
               "-I",
               "$(TOOLCHAIN_DIR)/usr/lib/swift/pm/4_2",
               "-target",
               "x86_64-apple-macosx10.10",
               "-sdk",
               "/Applications/Xcode_11_3.app/Contents/Developer/Platforms/MacOSX.platform/Developer/SDKs/MacOSX10.15.sdk",
               "-package-description-version",
               "5"
            );
            SWIFT_VERSION = "5.0";
         };
         name = "Debug";
      };
      "OBJ_81" = {
         isa = "XCBuildConfiguration";
         buildSettings = {
            LD = "/usr/bin/true";
            OTHER_SWIFT_FLAGS = (
               "-swift-version",
               "5",
               "-I",
               "$(TOOLCHAIN_DIR)/usr/lib/swift/pm/4_2",
               "-target",
               "x86_64-apple-macosx10.10",
               "-sdk",
               "/Applications/Xcode_11_3.app/Contents/Developer/Platforms/MacOSX.platform/Developer/SDKs/MacOSX10.15.sdk",
               "-package-description-version",
               "5"
            );
            SWIFT_VERSION = "5.0";
         };
         name = "Release";
      };
      "OBJ_82" = {
         isa = "PBXSourcesBuildPhase";
         files = (
            "OBJ_83"
         );
      };
      "OBJ_83" = {
         isa = "PBXBuildFile";
         fileRef = "OBJ_51";
      };
      "OBJ_85" = {
         isa = "XCConfigurationList";
         buildConfigurations = (
            "OBJ_86",
            "OBJ_87"
         );
         defaultConfigurationIsVisible = "0";
         defaultConfigurationName = "Release";
      };
      "OBJ_86" = {
         isa = "XCBuildConfiguration";
         buildSettings = {
            ENABLE_TESTABILITY = "YES";
            FRAMEWORK_SEARCH_PATHS = (
               "$(inherited)",
               "$(PLATFORM_DIR)/Developer/Library/Frameworks"
            );
            HEADER_SEARCH_PATHS = (
               "$(inherited)"
            );
            INFOPLIST_FILE = "SwiftAWSS3.xcodeproj/SwiftAWSS3_Info.plist";
            IPHONEOS_DEPLOYMENT_TARGET = "8.0";
            LD_RUNPATH_SEARCH_PATHS = (
               "$(inherited)",
               "$(TOOLCHAIN_DIR)/usr/lib/swift/macosx"
            );
            MACOSX_DEPLOYMENT_TARGET = "10.11";
            OTHER_CFLAGS = (
               "$(inherited)"
            );
            OTHER_LDFLAGS = (
               "$(inherited)"
            );
            OTHER_SWIFT_FLAGS = (
               "$(inherited)"
            );
            PRODUCT_BUNDLE_IDENTIFIER = "SwiftAWSS3";
            PRODUCT_MODULE_NAME = "$(TARGET_NAME:c99extidentifier)";
            PRODUCT_NAME = "$(TARGET_NAME:c99extidentifier)";
            SKIP_INSTALL = "YES";
            SWIFT_ACTIVE_COMPILATION_CONDITIONS = (
               "$(inherited)"
            );
            SWIFT_VERSION = "5.0";
            TARGET_NAME = "SwiftAWSS3";
            TVOS_DEPLOYMENT_TARGET = "9.0";
            WATCHOS_DEPLOYMENT_TARGET = "2.0";
         };
         name = "Debug";
      };
      "OBJ_87" = {
         isa = "XCBuildConfiguration";
         buildSettings = {
            ENABLE_TESTABILITY = "YES";
            FRAMEWORK_SEARCH_PATHS = (
               "$(inherited)",
               "$(PLATFORM_DIR)/Developer/Library/Frameworks"
            );
            HEADER_SEARCH_PATHS = (
               "$(inherited)"
            );
            INFOPLIST_FILE = "SwiftAWSS3.xcodeproj/SwiftAWSS3_Info.plist";
            IPHONEOS_DEPLOYMENT_TARGET = "8.0";
            LD_RUNPATH_SEARCH_PATHS = (
               "$(inherited)",
               "$(TOOLCHAIN_DIR)/usr/lib/swift/macosx"
            );
            MACOSX_DEPLOYMENT_TARGET = "10.11";
            OTHER_CFLAGS = (
               "$(inherited)"
            );
            OTHER_LDFLAGS = (
               "$(inherited)"
            );
            OTHER_SWIFT_FLAGS = (
               "$(inherited)"
            );
            PRODUCT_BUNDLE_IDENTIFIER = "SwiftAWSS3";
            PRODUCT_MODULE_NAME = "$(TARGET_NAME:c99extidentifier)";
            PRODUCT_NAME = "$(TARGET_NAME:c99extidentifier)";
            SKIP_INSTALL = "YES";
            SWIFT_ACTIVE_COMPILATION_CONDITIONS = (
               "$(inherited)"
            );
            SWIFT_VERSION = "5.0";
            TARGET_NAME = "SwiftAWSS3";
            TVOS_DEPLOYMENT_TARGET = "9.0";
            WATCHOS_DEPLOYMENT_TARGET = "2.0";
         };
         name = "Release";
      };
      "OBJ_88" = {
         isa = "PBXSourcesBuildPhase";
         files = (
            "OBJ_89",
            "OBJ_90",
            "OBJ_91",
            "OBJ_92"
         );
      };
      "OBJ_89" = {
         isa = "PBXBuildFile";
         fileRef = "OBJ_9";
      };
      "OBJ_9" = {
         isa = "PBXFileReference";
         path = "AWSBucket.swift";
         sourceTree = "<group>";
      };
      "OBJ_90" = {
         isa = "PBXBuildFile";
         fileRef = "OBJ_10";
      };
      "OBJ_91" = {
         isa = "PBXBuildFile";
         fileRef = "OBJ_11";
      };
      "OBJ_92" = {
         isa = "PBXBuildFile";
         fileRef = "OBJ_12";
      };
      "OBJ_93" = {
         isa = "PBXFrameworksBuildPhase";
         files = (
            "OBJ_94",
            "OBJ_95",
            "OBJ_96"
         );
      };
      "OBJ_94" = {
         isa = "PBXBuildFile";
         fileRef = "SwiftPatterns::SwiftPatterns::Product";
      };
      "OBJ_95" = {
         isa = "PBXBuildFile";
         fileRef = "SwiftAWSSignatureV4::SwiftAWSSignatureV4::Product";
      };
      "OBJ_96" = {
         isa = "PBXBuildFile";
         fileRef = "Cryptor::Cryptor::Product";
      };
      "OBJ_97" = {
         isa = "PBXTargetDependency";
         target = "SwiftPatterns::SwiftPatterns";
      };
      "OBJ_99" = {
         isa = "PBXTargetDependency";
         target = "SwiftAWSSignatureV4::SwiftAWSSignatureV4";
      };
      "SwiftAWSS3::SwiftAWSS3" = {
         isa = "PBXNativeTarget";
         buildConfigurationList = "OBJ_85";
         buildPhases = (
            "OBJ_88",
            "OBJ_93"
         );
         dependencies = (
            "OBJ_97",
            "OBJ_99",
            "OBJ_101"
         );
         name = "SwiftAWSS3";
         productName = "SwiftAWSS3";
         productReference = "SwiftAWSS3::SwiftAWSS3::Product";
         productType = "com.apple.product-type.framework";
      };
      "SwiftAWSS3::SwiftAWSS3::Product" = {
         isa = "PBXFileReference";
         path = "SwiftAWSS3.framework";
         sourceTree = "BUILT_PRODUCTS_DIR";
      };
      "SwiftAWSS3::SwiftAWSS3PackageTests::ProductTarget" = {
         isa = "PBXAggregateTarget";
         buildConfigurationList = "OBJ_109";
         buildPhases = (
         );
         dependencies = (
            "OBJ_112"
         );
         name = "SwiftAWSS3PackageTests";
         productName = "SwiftAWSS3PackageTests";
      };
      "SwiftAWSS3::SwiftAWSS3Tests" = {
         isa = "PBXNativeTarget";
         buildConfigurationList = "OBJ_114";
         buildPhases = (
            "OBJ_117",
            "OBJ_119"
         );
         dependencies = (
            "OBJ_124",
            "OBJ_125",
            "OBJ_126",
            "OBJ_127"
         );
         name = "SwiftAWSS3Tests";
         productName = "SwiftAWSS3Tests";
         productReference = "SwiftAWSS3::SwiftAWSS3Tests::Product";
         productType = "com.apple.product-type.bundle.unit-test";
      };
      "SwiftAWSS3::SwiftAWSS3Tests::Product" = {
         isa = "PBXFileReference";
         path = "SwiftAWSS3Tests.xctest";
         sourceTree = "BUILT_PRODUCTS_DIR";
      };
      "SwiftAWSS3::SwiftPMPackageDescription" = {
         isa = "PBXNativeTarget";
         buildConfigurationList = "OBJ_103";
         buildPhases = (
            "OBJ_106"
         );
         dependencies = (
         );
         name = "SwiftAWSS3PackageDescription";
         productName = "SwiftAWSS3PackageDescription";
         productType = "com.apple.product-type.framework";
      };
      "SwiftAWSSignatureV4::SwiftAWSSignatureV4" = {
         isa = "PBXNativeTarget";
         buildConfigurationList = "OBJ_128";
         buildPhases = (
            "OBJ_131",
            "OBJ_136"
         );
         dependencies = (
            "OBJ_138"
         );
         name = "SwiftAWSSignatureV4";
         productName = "SwiftAWSSignatureV4";
         productReference = "SwiftAWSSignatureV4::SwiftAWSSignatureV4::Product";
         productType = "com.apple.product-type.framework";
      };
      "SwiftAWSSignatureV4::SwiftAWSSignatureV4::Product" = {
         isa = "PBXFileReference";
         path = "SwiftAWSSignatureV4.framework";
         sourceTree = "BUILT_PRODUCTS_DIR";
      };
      "SwiftAWSSignatureV4::SwiftPMPackageDescription" = {
         isa = "PBXNativeTarget";
         buildConfigurationList = "OBJ_140";
         buildPhases = (
            "OBJ_143"
         );
         dependencies = (
         );
         name = "SwiftAWSSignatureV4PackageDescription";
         productName = "SwiftAWSSignatureV4PackageDescription";
         productType = "com.apple.product-type.framework";
      };
      "SwiftPatterns::SwiftPMPackageDescription" = {
         isa = "PBXNativeTarget";
         buildConfigurationList = "OBJ_162";
         buildPhases = (
            "OBJ_165"
         );
         dependencies = (
         );
         name = "SwiftPatternsPackageDescription";
         productName = "SwiftPatternsPackageDescription";
         productType = "com.apple.product-type.framework";
      };
      "SwiftPatterns::SwiftPatterns" = {
         isa = "PBXNativeTarget";
         buildConfigurationList = "OBJ_145";
         buildPhases = (
            "OBJ_148",
            "OBJ_160"
         );
         dependencies = (
         );
         name = "SwiftPatterns";
         productName = "SwiftPatterns";
         productReference = "SwiftPatterns::SwiftPatterns::Product";
         productType = "com.apple.product-type.framework";
      };
      "SwiftPatterns::SwiftPatterns::Product" = {
         isa = "PBXFileReference";
         path = "SwiftPatterns.framework";
         sourceTree = "BUILT_PRODUCTS_DIR";
      };
   };
   rootObject = "OBJ_1";
}
