{
  "pins" : [
    {
      "identity" : "swift-crypto",
      "kind" : "remoteSourceControl",
      "location" : "https://github.com/apple/swift-crypto.git",
      "state" : {
        "revision" : "33a20e650c33f6d72d822d558333f2085effa3dc",
        "version" : "2.5.0"
      }
    },
    {
      "identity" : "swiftawssignaturev4",
      "kind" : "remoteSourceControl",
      "location" : "https://github.com/benspratling4/SwiftAWSSignatureV4.git",
      "state" : {
        "revision" : "af742d9af23e165df7845487aafbc78167901a20",
        "version" : "3.0.1"
      }
    },
    {
      "identity" : "swiftpatterns",
      "kind" : "remoteSourceControl",
      "location" : "https://github.com/benspratling4/SwiftPatterns.git",
      "state" : {
        "revision" : "c2631f7c4b22440f70cb82d1d6edb801c30dd292",
        "version" : "4.3.0"
      }
    }
  ],
  "version" : 2
}
